
Microsoft Visual Studio Solution File, Format Version 12.00
# Visual Studio Version 16
VisualStudioVersion = 16.0.30320.27
MinimumVisualStudioVersion = 10.0.40219.1
Project("{2150E333-8FDC-42A3-9474-1A3956D46DE8}") = "src", "src", "{A5794D79-C6C0-47EF-BA4F-5C64820C7719}"
	ProjectSection(SolutionItems) = preProject
		备注.txt = 备注.txt
	EndProjectSection
EndProject
Project("{2150E333-8FDC-42A3-9474-1A3956D46DE8}") = "Clients", "Clients", "{4049C4B4-36D6-499B-8BAC-8E4A90958561}"
EndProject
Project("{2150E333-8FDC-42A3-9474-1A3956D46DE8}") = "Web", "Web", "{C13D3258-E17A-4A13-A95F-A8ED0EFD89B7}"
EndProject
Project("{FAE04EC0-301F-11D3-BF4B-00C04F79EFBC}") = "Web.MVC", "Web.MVC\Web.MVC.csproj", "{FBB61F40-684C-4C66-AC26-F9B1C5818C81}"
EndProject
Project("{2150E333-8FDC-42A3-9474-1A3956D46DE8}") = "Services", "Services", "{424B63BC-9AB0-4EEB-86CD-638AF3FCE2DE}"
EndProject
Project("{2150E333-8FDC-42A3-9474-1A3956D46DE8}") = "Order", "Order", "{A60DE80D-FCC2-4A09-BF71-A024673437F6}"
EndProject
Project("{2150E333-8FDC-42A3-9474-1A3956D46DE8}") = "Product", "Product", "{EAEB5277-6713-4737-90F5-8F43B8D3F6A9}"
EndProject
Project("{FAE04EC0-301F-11D3-BF4B-00C04F79EFBC}") = "Order.API", "Order.API\Order.API.csproj", "{F53BDCF5-618C-46C9-8BC0-298352E0C452}"
EndProject
Project("{FAE04EC0-301F-11D3-BF4B-00C04F79EFBC}") = "Product.API", "Product.API\Product.API.csproj", "{93CD9128-0ACA-4E4A-8333-133CF132830C}"
EndProject
Global
	GlobalSection(SolutionConfigurationPlatforms) = preSolution
		Debug|Any CPU = Debug|Any CPU
		Release|Any CPU = Release|Any CPU
	EndGlobalSection
	GlobalSection(ProjectConfigurationPlatforms) = postSolution
		{FBB61F40-684C-4C66-AC26-F9B1C5818C81}.Debug|Any CPU.ActiveCfg = Debug|Any CPU
		{FBB61F40-684C-4C66-AC26-F9B1C5818C81}.Debug|Any CPU.Build.0 = Debug|Any CPU
		{FBB61F40-684C-4C66-AC26-F9B1C5818C81}.Release|Any CPU.ActiveCfg = Release|Any CPU
		{FBB61F40-684C-4C66-AC26-F9B1C5818C81}.Release|Any CPU.Build.0 = Release|Any CPU
		{F53BDCF5-618C-46C9-8BC0-298352E0C452}.Debug|Any CPU.ActiveCfg = Debug|Any CPU
		{F53BDCF5-618C-46C9-8BC0-298352E0C452}.Debug|Any CPU.Build.0 = Debug|Any CPU
		{F53BDCF5-618C-46C9-8BC0-298352E0C452}.Release|Any CPU.ActiveCfg = Release|Any CPU
		{F53BDCF5-618C-46C9-8BC0-298352E0C452}.Release|Any CPU.Build.0 = Release|Any CPU
		{93CD9128-0ACA-4E4A-8333-133CF132830C}.Debug|Any CPU.ActiveCfg = Debug|Any CPU
		{93CD9128-0ACA-4E4A-8333-133CF132830C}.Debug|Any CPU.Build.0 = Debug|Any CPU
		{93CD9128-0ACA-4E4A-8333-133CF132830C}.Release|Any CPU.ActiveCfg = Release|Any CPU
		{93CD9128-0ACA-4E4A-8333-133CF132830C}.Release|Any CPU.Build.0 = Release|Any CPU
	EndGlobalSection
	GlobalSection(SolutionProperties) = preSolution
		HideSolutionNode = FALSE
	EndGlobalSection
	GlobalSection(NestedProjects) = preSolution
		{4049C4B4-36D6-499B-8BAC-8E4A90958561} = {A5794D79-C6C0-47EF-BA4F-5C64820C7719}
		{C13D3258-E17A-4A13-A95F-A8ED0EFD89B7} = {4049C4B4-36D6-499B-8BAC-8E4A90958561}
		{FBB61F40-684C-4C66-AC26-F9B1C5818C81} = {C13D3258-E17A-4A13-A95F-A8ED0EFD89B7}
		{424B63BC-9AB0-4EEB-86CD-638AF3FCE2DE} = {A5794D79-C6C0-47EF-BA4F-5C64820C7719}
		{A60DE80D-FCC2-4A09-BF71-A024673437F6} = {424B63BC-9AB0-4EEB-86CD-638AF3FCE2DE}
		{EAEB5277-6713-4737-90F5-8F43B8D3F6A9} = {424B63BC-9AB0-4EEB-86CD-638AF3FCE2DE}
		{F53BDCF5-618C-46C9-8BC0-298352E0C452} = {A60DE80D-FCC2-4A09-BF71-A024673437F6}
		{93CD9128-0ACA-4E4A-8333-133CF132830C} = {EAEB5277-6713-4737-90F5-8F43B8D3F6A9}
	EndGlobalSection
	GlobalSection(ExtensibilityGlobals) = postSolution
		SolutionGuid = {7D570181-1AE3-4E0E-8788-5CB5DBC1E573}
	EndGlobalSection
EndGlobal
